// !$*UTF8*$!
{
	archiveVersion = 1;
	classes = {
	};
	objectVersion = 45;
	objects = {

/* Begin PBXBuildFile section */
		1D3623260D0F684500981E51 /* AppCriticsAppDelegate.m in Sources */ = {isa = PBXBuildFile; fileRef = 1D3623250D0F684500981E51 /* AppCriticsAppDelegate.m */; };
		1D60589B0D05DD56006BFB54 /* main.m in Sources */ = {isa = PBXBuildFile; fileRef = 29B97316FDCFA39411CA2CEA /* main.m */; };
		1D60589F0D05DD5A006BFB54 /* Foundation.framework in Frameworks */ = {isa = PBXBuildFile; fileRef = 1D30AB110D05D00D00671497 /* Foundation.framework */; };
		1DF5F4E00D08C38300B7A737 /* UIKit.framework in Frameworks */ = {isa = PBXBuildFile; fileRef = 1DF5F4DF0D08C38300B7A737 /* UIKit.framework */; };
		288765FD0DF74451002DB57D /* CoreGraphics.framework in Frameworks */ = {isa = PBXBuildFile; fileRef = 288765FC0DF74451002DB57D /* CoreGraphics.framework */; };
		FB445A6F0ED2F36000D89246 /* Reachability.m in Sources */ = {isa = PBXBuildFile; fileRef = FB445A6E0ED2F36000D89246 /* Reachability.m */; };
		FB445AA90ED2F42400D89246 /* SystemConfiguration.framework in Frameworks */ = {isa = PBXBuildFile; fileRef = FB445AA80ED2F42400D89246 /* SystemConfiguration.framework */; };
		FB445BAB0ED54D5D00D89246 /* PSAppStoreReviewsViewController.m in Sources */ = {isa = PBXBuildFile; fileRef = FB445BAA0ED54D5D00D89246 /* PSAppStoreReviewsViewController.m */; };
		FB445BFC0ED609FB00D89246 /* PSAppStoreReviewTableCell.m in Sources */ = {isa = PBXBuildFile; fileRef = FB445BFB0ED609FB00D89246 /* PSAppStoreReviewTableCell.m */; };
		FB445D770ED7764E00D89246 /* PSAppStoreReviewsHeaderTableCell.m in Sources */ = {isa = PBXBuildFile; fileRef = FB445D760ED7764E00D89246 /* PSAppStoreReviewsHeaderTableCell.m */; };
		FB81A2D00EAF35750061B88B /* PSCountView.m in Sources */ = {isa = PBXBuildFile; fileRef = FB81A2C70EAF35750061B88B /* PSCountView.m */; };
		FB81A2D20EAF35750061B88B /* PSImageView.m in Sources */ = {isa = PBXBuildFile; fileRef = FB81A2CB0EAF35750061B88B /* PSImageView.m */; };
		FB81A2D30EAF35750061B88B /* PSProgressBarSheet.m in Sources */ = {isa = PBXBuildFile; fileRef = FB81A2CE0EAF35750061B88B /* PSProgressBarSheet.m */; };
		FB81A2D60EAF39B10061B88B /* PSAppStore.m in Sources */ = {isa = PBXBuildFile; fileRef = FB81A2D50EAF39B10061B88B /* PSAppStore.m */; };
		FB81A2F20EAF3FAA0061B88B /* PSAppStoreApplication.m in Sources */ = {isa = PBXBuildFile; fileRef = FB81A2F10EAF3FAA0061B88B /* PSAppStoreApplication.m */; };
		FB81A2F90EAF501C0061B88B /* PSAppStoreApplicationsViewController.m in Sources */ = {isa = PBXBuildFile; fileRef = FB81A2F80EAF501C0061B88B /* PSAppStoreApplicationsViewController.m */; };
		FB81A33E0EAF55060061B88B /* PSAppStoreCountriesViewController.m in Sources */ = {isa = PBXBuildFile; fileRef = FB81A33D0EAF55060061B88B /* PSAppStoreCountriesViewController.m */; };
		FB81A3780EAF5E6B0061B88B /* PSAppStoreReviews.m in Sources */ = {isa = PBXBuildFile; fileRef = FB81A3770EAF5E6B0061B88B /* PSAppStoreReviews.m */; };
		FB81A5AA0EB0776F0061B88B /* PSAppStoreReview.m in Sources */ = {isa = PBXBuildFile; fileRef = FB81A5A90EB0776F0061B88B /* PSAppStoreReview.m */; };
		FB81A5B00EB087A90061B88B /* PSAppStoreTableCell.m in Sources */ = {isa = PBXBuildFile; fileRef = FB81A5AF0EB087A90061B88B /* PSAppStoreTableCell.m */; };
		FB81A6940EB12C520061B88B /* GTMRegex.m in Sources */ = {isa = PBXBuildFile; fileRef = FB81A6930EB12C520061B88B /* GTMRegex.m */; };
		FBB44EC80ECCEB1D00A04B1F /* PSAboutViewController.m in Sources */ = {isa = PBXBuildFile; fileRef = FBB44EC70ECCEB1D00A04B1F /* PSAboutViewController.m */; };
		FBB44ED60ECCEB6700A04B1F /* PSTitleValueTableCell.m in Sources */ = {isa = PBXBuildFile; fileRef = FBB44ED50ECCEB6700A04B1F /* PSTitleValueTableCell.m */; };
		FBB44EF60ECCF24700A04B1F /* Icon.png in Resources */ = {isa = PBXBuildFile; fileRef = FBB44EF50ECCF24700A04B1F /* Icon.png */; };
		FBB450D60ECE451800A04B1F /* PSAppStoreApplicationTableCell.m in Sources */ = {isa = PBXBuildFile; fileRef = FBB450D50ECE451800A04B1F /* PSAppStoreApplicationTableCell.m */; };
		FBB451C90ECF150400A04B1F /* Settings.bundle in Resources */ = {isa = PBXBuildFile; fileRef = FBB451C80ECF150400A04B1F /* Settings.bundle */; };
		FBB4536E0ECF8DD800A04B1F /* halfstar.png in Resources */ = {isa = PBXBuildFile; fileRef = FBB4536C0ECF8DD800A04B1F /* halfstar.png */; };
		FBB4536F0ECF8DD800A04B1F /* star.png in Resources */ = {isa = PBXBuildFile; fileRef = FBB4536D0ECF8DD800A04B1F /* star.png */; };
		FBB453820ECF8F2900A04B1F /* PSEditAppStoreApplicationView.xib in Resources */ = {isa = PBXBuildFile; fileRef = FBB453810ECF8F2900A04B1F /* PSEditAppStoreApplicationView.xib */; };
		FBB453890ECF93F200A04B1F /* PSEditAppStoreApplicationViewController.m in Sources */ = {isa = PBXBuildFile; fileRef = FBB453880ECF93F200A04B1F /* PSEditAppStoreApplicationViewController.m */; };
		FBB4539E0ED0348300A04B1F /* PSRatingView.m in Sources */ = {isa = PBXBuildFile; fileRef = FBB4539D0ED0348300A04B1F /* PSRatingView.m */; };
		FBB454100ED084B500A04B1F /* Default.png in Resources */ = {isa = PBXBuildFile; fileRef = FBB4540F0ED084B500A04B1F /* Default.png */; };
		FBB4555E0ED0E6BE00A04B1F /* PSSelectionListViewController.m in Sources */ = {isa = PBXBuildFile; fileRef = FBB4555D0ED0E6BE00A04B1F /* PSSelectionListViewController.m */; };
		FBCDDE410F44CEA7003756D4 /* 143441.png in Resources */ = {isa = PBXBuildFile; fileRef = FBCDDE030F44CEA7003756D4 /* 143441.png */; };
		FBCDDE420F44CEA7003756D4 /* 143442.png in Resources */ = {isa = PBXBuildFile; fileRef = FBCDDE040F44CEA7003756D4 /* 143442.png */; };
		FBCDDE430F44CEA7003756D4 /* 143443.png in Resources */ = {isa = PBXBuildFile; fileRef = FBCDDE050F44CEA7003756D4 /* 143443.png */; };
		FBCDDE440F44CEA7003756D4 /* 143444.png in Resources */ = {isa = PBXBuildFile; fileRef = FBCDDE060F44CEA7003756D4 /* 143444.png */; };
		FBCDDE450F44CEA7003756D4 /* 143445.png in Resources */ = {isa = PBXBuildFile; fileRef = FBCDDE070F44CEA7003756D4 /* 143445.png */; };
		FBCDDE460F44CEA7003756D4 /* 143446.png in Resources */ = {isa = PBXBuildFile; fileRef = FBCDDE080F44CEA7003756D4 /* 143446.png */; };
		FBCDDE470F44CEA7003756D4 /* 143447.png in Resources */ = {isa = PBXBuildFile; fileRef = FBCDDE090F44CEA7003756D4 /* 143447.png */; };
		FBCDDE480F44CEA7003756D4 /* 143448.png in Resources */ = {isa = PBXBuildFile; fileRef = FBCDDE0A0F44CEA7003756D4 /* 143448.png */; };
		FBCDDE490F44CEA7003756D4 /* 143449.png in Resources */ = {isa = PBXBuildFile; fileRef = FBCDDE0B0F44CEA7003756D4 /* 143449.png */; };
		FBCDDE4A0F44CEA7003756D4 /* 143450.png in Resources */ = {isa = PBXBuildFile; fileRef = FBCDDE0C0F44CEA7003756D4 /* 143450.png */; };
		FBCDDE4B0F44CEA7003756D4 /* 143451.png in Resources */ = {isa = PBXBuildFile; fileRef = FBCDDE0D0F44CEA7003756D4 /* 143451.png */; };
		FBCDDE4C0F44CEA7003756D4 /* 143452.png in Resources */ = {isa = PBXBuildFile; fileRef = FBCDDE0E0F44CEA7003756D4 /* 143452.png */; };
		FBCDDE4D0F44CEA7003756D4 /* 143453.png in Resources */ = {isa = PBXBuildFile; fileRef = FBCDDE0F0F44CEA7003756D4 /* 143453.png */; };
		FBCDDE4E0F44CEA7003756D4 /* 143454.png in Resources */ = {isa = PBXBuildFile; fileRef = FBCDDE100F44CEA7003756D4 /* 143454.png */; };
		FBCDDE4F0F44CEA7003756D4 /* 143455.png in Resources */ = {isa = PBXBuildFile; fileRef = FBCDDE110F44CEA7003756D4 /* 143455.png */; };
		FBCDDE500F44CEA7003756D4 /* 143456.png in Resources */ = {isa = PBXBuildFile; fileRef = FBCDDE120F44CEA7003756D4 /* 143456.png */; };
		FBCDDE510F44CEA7003756D4 /* 143457.png in Resources */ = {isa = PBXBuildFile; fileRef = FBCDDE130F44CEA7003756D4 /* 143457.png */; };
		FBCDDE520F44CEA7003756D4 /* 143458.png in Resources */ = {isa = PBXBuildFile; fileRef = FBCDDE140F44CEA7003756D4 /* 143458.png */; };
		FBCDDE530F44CEA7003756D4 /* 143459.png in Resources */ = {isa = PBXBuildFile; fileRef = FBCDDE150F44CEA7003756D4 /* 143459.png */; };
		FBCDDE540F44CEA7003756D4 /* 143460.png in Resources */ = {isa = PBXBuildFile; fileRef = FBCDDE160F44CEA7003756D4 /* 143460.png */; };
		FBCDDE550F44CEA7003756D4 /* 143461.png in Resources */ = {isa = PBXBuildFile; fileRef = FBCDDE170F44CEA7003756D4 /* 143461.png */; };
		FBCDDE560F44CEA7003756D4 /* 143462.png in Resources */ = {isa = PBXBuildFile; fileRef = FBCDDE180F44CEA7003756D4 /* 143462.png */; };
		FBCDDE570F44CEA7003756D4 /* 143463.png in Resources */ = {isa = PBXBuildFile; fileRef = FBCDDE190F44CEA7003756D4 /* 143463.png */; };
		FBCDDE580F44CEA7003756D4 /* 143464.png in Resources */ = {isa = PBXBuildFile; fileRef = FBCDDE1A0F44CEA7003756D4 /* 143464.png */; };
		FBCDDE590F44CEA7003756D4 /* 143465.png in Resources */ = {isa = PBXBuildFile; fileRef = FBCDDE1B0F44CEA7003756D4 /* 143465.png */; };
		FBCDDE5A0F44CEA7003756D4 /* 143466.png in Resources */ = {isa = PBXBuildFile; fileRef = FBCDDE1C0F44CEA7003756D4 /* 143466.png */; };
		FBCDDE5B0F44CEA7003756D4 /* 143467.png in Resources */ = {isa = PBXBuildFile; fileRef = FBCDDE1D0F44CEA7003756D4 /* 143467.png */; };
		FBCDDE5C0F44CEA7003756D4 /* 143468.png in Resources */ = {isa = PBXBuildFile; fileRef = FBCDDE1E0F44CEA7003756D4 /* 143468.png */; };
		FBCDDE5D0F44CEA7003756D4 /* 143469.png in Resources */ = {isa = PBXBuildFile; fileRef = FBCDDE1F0F44CEA7003756D4 /* 143469.png */; };
		FBCDDE5E0F44CEA7003756D4 /* 143470.png in Resources */ = {isa = PBXBuildFile; fileRef = FBCDDE200F44CEA7003756D4 /* 143470.png */; };
		FBCDDE5F0F44CEA7003756D4 /* 143471.png in Resources */ = {isa = PBXBuildFile; fileRef = FBCDDE210F44CEA7003756D4 /* 143471.png */; };
		FBCDDE600F44CEA7003756D4 /* 143472.png in Resources */ = {isa = PBXBuildFile; fileRef = FBCDDE220F44CEA7003756D4 /* 143472.png */; };
		FBCDDE610F44CEA7003756D4 /* 143473.png in Resources */ = {isa = PBXBuildFile; fileRef = FBCDDE230F44CEA7003756D4 /* 143473.png */; };
		FBCDDE620F44CEA7003756D4 /* 143474.png in Resources */ = {isa = PBXBuildFile; fileRef = FBCDDE240F44CEA7003756D4 /* 143474.png */; };
		FBCDDE630F44CEA7003756D4 /* 143475.png in Resources */ = {isa = PBXBuildFile; fileRef = FBCDDE250F44CEA7003756D4 /* 143475.png */; };
		FBCDDE640F44CEA7003756D4 /* 143476.png in Resources */ = {isa = PBXBuildFile; fileRef = FBCDDE260F44CEA7003756D4 /* 143476.png */; };
		FBCDDE650F44CEA7003756D4 /* 143477.png in Resources */ = {isa = PBXBuildFile; fileRef = FBCDDE270F44CEA7003756D4 /* 143477.png */; };
		FBCDDE660F44CEA7003756D4 /* 143478.png in Resources */ = {isa = PBXBuildFile; fileRef = FBCDDE280F44CEA7003756D4 /* 143478.png */; };
		FBCDDE670F44CEA7003756D4 /* 143479.png in Resources */ = {isa = PBXBuildFile; fileRef = FBCDDE290F44CEA7003756D4 /* 143479.png */; };
		FBCDDE680F44CEA7003756D4 /* 143480.png in Resources */ = {isa = PBXBuildFile; fileRef = FBCDDE2A0F44CEA7003756D4 /* 143480.png */; };
		FBCDDE690F44CEA7003756D4 /* 143481.png in Resources */ = {isa = PBXBuildFile; fileRef = FBCDDE2B0F44CEA7003756D4 /* 143481.png */; };
		FBCDDE6A0F44CEA7003756D4 /* 143482.png in Resources */ = {isa = PBXBuildFile; fileRef = FBCDDE2C0F44CEA7003756D4 /* 143482.png */; };
		FBCDDE6B0F44CEA7003756D4 /* 143483.png in Resources */ = {isa = PBXBuildFile; fileRef = FBCDDE2D0F44CEA7003756D4 /* 143483.png */; };
		FBCDDE6C0F44CEA7003756D4 /* 143485.png in Resources */ = {isa = PBXBuildFile; fileRef = FBCDDE2E0F44CEA7003756D4 /* 143485.png */; };
		FBCDDE6D0F44CEA7003756D4 /* 143486.png in Resources */ = {isa = PBXBuildFile; fileRef = FBCDDE2F0F44CEA7003756D4 /* 143486.png */; };
		FBCDDE6E0F44CEA7003756D4 /* 143487.png in Resources */ = {isa = PBXBuildFile; fileRef = FBCDDE300F44CEA7003756D4 /* 143487.png */; };
		FBCDDE6F0F44CEA7003756D4 /* 143489.png in Resources */ = {isa = PBXBuildFile; fileRef = FBCDDE310F44CEA7003756D4 /* 143489.png */; };
		FBCDDE700F44CEA7003756D4 /* 143491.png in Resources */ = {isa = PBXBuildFile; fileRef = FBCDDE320F44CEA7003756D4 /* 143491.png */; };
		FBCDDE710F44CEA7003756D4 /* 143493.png in Resources */ = {isa = PBXBuildFile; fileRef = FBCDDE330F44CEA7003756D4 /* 143493.png */; };
		FBCDDE720F44CEA7003756D4 /* 143494.png in Resources */ = {isa = PBXBuildFile; fileRef = FBCDDE340F44CEA7003756D4 /* 143494.png */; };
		FBCDDE730F44CEA7003756D4 /* 143495.png in Resources */ = {isa = PBXBuildFile; fileRef = FBCDDE350F44CEA7003756D4 /* 143495.png */; };
		FBCDDE740F44CEA7003756D4 /* 143496.png in Resources */ = {isa = PBXBuildFile; fileRef = FBCDDE360F44CEA7003756D4 /* 143496.png */; };
		FBCDDE750F44CEA7003756D4 /* 143497.png in Resources */ = {isa = PBXBuildFile; fileRef = FBCDDE370F44CEA7003756D4 /* 143497.png */; };
		FBCDDE760F44CEA7003756D4 /* 143498.png in Resources */ = {isa = PBXBuildFile; fileRef = FBCDDE380F44CEA7003756D4 /* 143498.png */; };
		FBCDDE770F44CEA7003756D4 /* 143499.png in Resources */ = {isa = PBXBuildFile; fileRef = FBCDDE390F44CEA7003756D4 /* 143499.png */; };
		FBCDDE780F44CEA7003756D4 /* 143501.png in Resources */ = {isa = PBXBuildFile; fileRef = FBCDDE3A0F44CEA7003756D4 /* 143501.png */; };
		FBCDDE790F44CEA7003756D4 /* 143502.png in Resources */ = {isa = PBXBuildFile; fileRef = FBCDDE3B0F44CEA7003756D4 /* 143502.png */; };
		FBCDDE7A0F44CEA7003756D4 /* 143503.png in Resources */ = {isa = PBXBuildFile; fileRef = FBCDDE3C0F44CEA7003756D4 /* 143503.png */; };
		FBCDDE7B0F44CEA7003756D4 /* 143504.png in Resources */ = {isa = PBXBuildFile; fileRef = FBCDDE3D0F44CEA7003756D4 /* 143504.png */; };
		FBCDDE7C0F44CEA7003756D4 /* 143505.png in Resources */ = {isa = PBXBuildFile; fileRef = FBCDDE3E0F44CEA7003756D4 /* 143505.png */; };
		FBCDDE7D0F44CEA7003756D4 /* 143506.png in Resources */ = {isa = PBXBuildFile; fileRef = FBCDDE3F0F44CEA7003756D4 /* 143506.png */; };
		FBCDDE7E0F44CEA7003756D4 /* 143507.png in Resources */ = {isa = PBXBuildFile; fileRef = FBCDDE400F44CEA7003756D4 /* 143507.png */; };
		FBDA31DC0F416FD60015A948 /* NSString+PSPathAdditions.m in Sources */ = {isa = PBXBuildFile; fileRef = FBDA31D90F416FD60015A948 /* NSString+PSPathAdditions.m */; };
		FBDA31DD0F416FD60015A948 /* UIColor+MoreColors.m in Sources */ = {isa = PBXBuildFile; fileRef = FBDA31DB0F416FD60015A948 /* UIColor+MoreColors.m */; };
		FBDC0F3E0EE03FA900442E92 /* About.png in Resources */ = {isa = PBXBuildFile; fileRef = FBDC0F3D0EE03FA900442E92 /* About.png */; };
		FBDC0FE30EE09FEF00442E92 /* NSDate+PSNSDateAdditions.m in Sources */ = {isa = PBXBuildFile; fileRef = FBDC0FE20EE09FEF00442E92 /* NSDate+PSNSDateAdditions.m */; };
/* End PBXBuildFile section */

/* Begin PBXFileReference section */
		1D30AB110D05D00D00671497 /* Foundation.framework */ = {isa = PBXFileReference; lastKnownFileType = wrapper.framework; name = Foundation.framework; path = System/Library/Frameworks/Foundation.framework; sourceTree = SDKROOT; };
		1D3623240D0F684500981E51 /* AppCriticsAppDelegate.h */ = {isa = PBXFileReference; fileEncoding = 4; lastKnownFileType = sourcecode.c.h; path = AppCriticsAppDelegate.h; sourceTree = "<group>"; };
		1D3623250D0F684500981E51 /* AppCriticsAppDelegate.m */ = {isa = PBXFileReference; fileEncoding = 4; lastKnownFileType = sourcecode.c.objc; path = AppCriticsAppDelegate.m; sourceTree = "<group>"; };
		1D6058910D05DD3D006BFB54 /* AppCritics.app */ = {isa = PBXFileReference; explicitFileType = wrapper.application; includeInIndex = 0; path = AppCritics.app; sourceTree = BUILT_PRODUCTS_DIR; };
		1DF5F4DF0D08C38300B7A737 /* UIKit.framework */ = {isa = PBXFileReference; lastKnownFileType = wrapper.framework; name = UIKit.framework; path = System/Library/Frameworks/UIKit.framework; sourceTree = SDKROOT; };
		288765FC0DF74451002DB57D /* CoreGraphics.framework */ = {isa = PBXFileReference; lastKnownFileType = wrapper.framework; name = CoreGraphics.framework; path = System/Library/Frameworks/CoreGraphics.framework; sourceTree = SDKROOT; };
		29B97316FDCFA39411CA2CEA /* main.m */ = {isa = PBXFileReference; fileEncoding = 4; lastKnownFileType = sourcecode.c.objc; path = main.m; sourceTree = "<group>"; };
		32CA4F630368D1EE00C91783 /* AppCritics_Prefix.pch */ = {isa = PBXFileReference; fileEncoding = 4; lastKnownFileType = sourcecode.c.h; path = AppCritics_Prefix.pch; sourceTree = "<group>"; };
		8D1107310486CEB800E47090 /* Info.plist */ = {isa = PBXFileReference; fileEncoding = 4; lastKnownFileType = text.plist.xml; path = Info.plist; sourceTree = "<group>"; };
		FB445A6D0ED2F36000D89246 /* Reachability.h */ = {isa = PBXFileReference; fileEncoding = 4; lastKnownFileType = sourcecode.c.h; path = Reachability.h; sourceTree = "<group>"; };
		FB445A6E0ED2F36000D89246 /* Reachability.m */ = {isa = PBXFileReference; fileEncoding = 4; lastKnownFileType = sourcecode.c.objc; path = Reachability.m; sourceTree = "<group>"; };
		FB445AA80ED2F42400D89246 /* SystemConfiguration.framework */ = {isa = PBXFileReference; lastKnownFileType = wrapper.framework; name = SystemConfiguration.framework; path = /System/Library/Frameworks/SystemConfiguration.framework; sourceTree = "<absolute>"; };
		FB445BA90ED54D5D00D89246 /* PSAppStoreReviewsViewController.h */ = {isa = PBXFileReference; fileEncoding = 4; lastKnownFileType = sourcecode.c.h; path = PSAppStoreReviewsViewController.h; sourceTree = "<group>"; };
		FB445BAA0ED54D5D00D89246 /* PSAppStoreReviewsViewController.m */ = {isa = PBXFileReference; fileEncoding = 4; lastKnownFileType = sourcecode.c.objc; path = PSAppStoreReviewsViewController.m; sourceTree = "<group>"; };
		FB445BFA0ED609FB00D89246 /* PSAppStoreReviewTableCell.h */ = {isa = PBXFileReference; fileEncoding = 4; lastKnownFileType = sourcecode.c.h; path = PSAppStoreReviewTableCell.h; sourceTree = "<group>"; };
		FB445BFB0ED609FB00D89246 /* PSAppStoreReviewTableCell.m */ = {isa = PBXFileReference; fileEncoding = 4; lastKnownFileType = sourcecode.c.objc; path = PSAppStoreReviewTableCell.m; sourceTree = "<group>"; };
		FB445D750ED7764E00D89246 /* PSAppStoreReviewsHeaderTableCell.h */ = {isa = PBXFileReference; fileEncoding = 4; lastKnownFileType = sourcecode.c.h; path = PSAppStoreReviewsHeaderTableCell.h; sourceTree = "<group>"; };
		FB445D760ED7764E00D89246 /* PSAppStoreReviewsHeaderTableCell.m */ = {isa = PBXFileReference; fileEncoding = 4; lastKnownFileType = sourcecode.c.objc; path = PSAppStoreReviewsHeaderTableCell.m; sourceTree = "<group>"; };
		FB81A2C60EAF35750061B88B /* PSCountView.h */ = {isa = PBXFileReference; fileEncoding = 4; lastKnownFileType = sourcecode.c.h; path = PSCountView.h; sourceTree = "<group>"; };
		FB81A2C70EAF35750061B88B /* PSCountView.m */ = {isa = PBXFileReference; fileEncoding = 4; lastKnownFileType = sourcecode.c.objc; path = PSCountView.m; sourceTree = "<group>"; };
		FB81A2CA0EAF35750061B88B /* PSImageView.h */ = {isa = PBXFileReference; fileEncoding = 4; lastKnownFileType = sourcecode.c.h; path = PSImageView.h; sourceTree = "<group>"; };
		FB81A2CB0EAF35750061B88B /* PSImageView.m */ = {isa = PBXFileReference; fileEncoding = 4; lastKnownFileType = sourcecode.c.objc; path = PSImageView.m; sourceTree = "<group>"; };
		FB81A2CC0EAF35750061B88B /* PSLog.h */ = {isa = PBXFileReference; fileEncoding = 4; lastKnownFileType = sourcecode.c.h; path = PSLog.h; sourceTree = "<group>"; };
		FB81A2CD0EAF35750061B88B /* PSProgressBarSheet.h */ = {isa = PBXFileReference; fileEncoding = 4; lastKnownFileType = sourcecode.c.h; path = PSProgressBarSheet.h; sourceTree = "<group>"; };
		FB81A2CE0EAF35750061B88B /* PSProgressBarSheet.m */ = {isa = PBXFileReference; fileEncoding = 4; lastKnownFileType = sourcecode.c.objc; path = PSProgressBarSheet.m; sourceTree = "<group>"; };
		FB81A2CF0EAF35750061B88B /* PSProgressHandler.h */ = {isa = PBXFileReference; fileEncoding = 4; lastKnownFileType = sourcecode.c.h; path = PSProgressHandler.h; sourceTree = "<group>"; };
		FB81A2D40EAF39B10061B88B /* PSAppStore.h */ = {isa = PBXFileReference; fileEncoding = 4; lastKnownFileType = sourcecode.c.h; path = PSAppStore.h; sourceTree = "<group>"; };
		FB81A2D50EAF39B10061B88B /* PSAppStore.m */ = {isa = PBXFileReference; fileEncoding = 4; lastKnownFileType = sourcecode.c.objc; path = PSAppStore.m; sourceTree = "<group>"; };
		FB81A2F00EAF3FAA0061B88B /* PSAppStoreApplication.h */ = {isa = PBXFileReference; fileEncoding = 4; lastKnownFileType = sourcecode.c.h; path = PSAppStoreApplication.h; sourceTree = "<group>"; };
		FB81A2F10EAF3FAA0061B88B /* PSAppStoreApplication.m */ = {isa = PBXFileReference; fileEncoding = 4; lastKnownFileType = sourcecode.c.objc; path = PSAppStoreApplication.m; sourceTree = "<group>"; };
		FB81A2F70EAF501C0061B88B /* PSAppStoreApplicationsViewController.h */ = {isa = PBXFileReference; fileEncoding = 4; lastKnownFileType = sourcecode.c.h; path = PSAppStoreApplicationsViewController.h; sourceTree = "<group>"; };
		FB81A2F80EAF501C0061B88B /* PSAppStoreApplicationsViewController.m */ = {isa = PBXFileReference; fileEncoding = 4; lastKnownFileType = sourcecode.c.objc; path = PSAppStoreApplicationsViewController.m; sourceTree = "<group>"; };
		FB81A33C0EAF55060061B88B /* PSAppStoreCountriesViewController.h */ = {isa = PBXFileReference; fileEncoding = 4; lastKnownFileType = sourcecode.c.h; path = PSAppStoreCountriesViewController.h; sourceTree = "<group>"; };
		FB81A33D0EAF55060061B88B /* PSAppStoreCountriesViewController.m */ = {isa = PBXFileReference; fileEncoding = 4; lastKnownFileType = sourcecode.c.objc; path = PSAppStoreCountriesViewController.m; sourceTree = "<group>"; };
		FB81A3760EAF5E6B0061B88B /* PSAppStoreReviews.h */ = {isa = PBXFileReference; fileEncoding = 4; lastKnownFileType = sourcecode.c.h; path = PSAppStoreReviews.h; sourceTree = "<group>"; };
		FB81A3770EAF5E6B0061B88B /* PSAppStoreReviews.m */ = {isa = PBXFileReference; fileEncoding = 4; lastKnownFileType = sourcecode.c.objc; path = PSAppStoreReviews.m; sourceTree = "<group>"; };
		FB81A5A80EB0776F0061B88B /* PSAppStoreReview.h */ = {isa = PBXFileReference; fileEncoding = 4; lastKnownFileType = sourcecode.c.h; path = PSAppStoreReview.h; sourceTree = "<group>"; };
		FB81A5A90EB0776F0061B88B /* PSAppStoreReview.m */ = {isa = PBXFileReference; fileEncoding = 4; lastKnownFileType = sourcecode.c.objc; path = PSAppStoreReview.m; sourceTree = "<group>"; };
		FB81A5AE0EB087A90061B88B /* PSAppStoreTableCell.h */ = {isa = PBXFileReference; fileEncoding = 4; lastKnownFileType = sourcecode.c.h; path = PSAppStoreTableCell.h; sourceTree = "<group>"; };
		FB81A5AF0EB087A90061B88B /* PSAppStoreTableCell.m */ = {isa = PBXFileReference; fileEncoding = 4; lastKnownFileType = sourcecode.c.objc; path = PSAppStoreTableCell.m; sourceTree = "<group>"; };
		FB81A6910EB12C400061B88B /* GTMDefines.h */ = {isa = PBXFileReference; fileEncoding = 4; lastKnownFileType = sourcecode.c.h; path = GTMDefines.h; sourceTree = "<group>"; };
		FB81A6920EB12C520061B88B /* GTMRegex.h */ = {isa = PBXFileReference; fileEncoding = 4; lastKnownFileType = sourcecode.c.h; path = GTMRegex.h; sourceTree = "<group>"; };
		FB81A6930EB12C520061B88B /* GTMRegex.m */ = {isa = PBXFileReference; fileEncoding = 4; lastKnownFileType = sourcecode.c.objc; path = GTMRegex.m; sourceTree = "<group>"; };
		FBB44EC60ECCEB1D00A04B1F /* PSAboutViewController.h */ = {isa = PBXFileReference; fileEncoding = 4; lastKnownFileType = sourcecode.c.h; path = PSAboutViewController.h; sourceTree = "<group>"; };
		FBB44EC70ECCEB1D00A04B1F /* PSAboutViewController.m */ = {isa = PBXFileReference; fileEncoding = 4; lastKnownFileType = sourcecode.c.objc; path = PSAboutViewController.m; sourceTree = "<group>"; };
		FBB44ED40ECCEB6700A04B1F /* PSTitleValueTableCell.h */ = {isa = PBXFileReference; fileEncoding = 4; lastKnownFileType = sourcecode.c.h; path = PSTitleValueTableCell.h; sourceTree = "<group>"; };
		FBB44ED50ECCEB6700A04B1F /* PSTitleValueTableCell.m */ = {isa = PBXFileReference; fileEncoding = 4; lastKnownFileType = sourcecode.c.objc; path = PSTitleValueTableCell.m; sourceTree = "<group>"; };
		FBB44EF50ECCF24700A04B1F /* Icon.png */ = {isa = PBXFileReference; lastKnownFileType = image.png; path = Icon.png; sourceTree = "<group>"; };
		FBB450D40ECE451800A04B1F /* PSAppStoreApplicationTableCell.h */ = {isa = PBXFileReference; fileEncoding = 4; lastKnownFileType = sourcecode.c.h; path = PSAppStoreApplicationTableCell.h; sourceTree = "<group>"; };
		FBB450D50ECE451800A04B1F /* PSAppStoreApplicationTableCell.m */ = {isa = PBXFileReference; fileEncoding = 4; lastKnownFileType = sourcecode.c.objc; path = PSAppStoreApplicationTableCell.m; sourceTree = "<group>"; };
		FBB451C80ECF150400A04B1F /* Settings.bundle */ = {isa = PBXFileReference; lastKnownFileType = "wrapper.plug-in"; path = Settings.bundle; sourceTree = "<group>"; };
		FBB4536C0ECF8DD800A04B1F /* halfstar.png */ = {isa = PBXFileReference; lastKnownFileType = image.png; name = halfstar.png; path = Resources/halfstar.png; sourceTree = "<group>"; };
		FBB4536D0ECF8DD800A04B1F /* star.png */ = {isa = PBXFileReference; lastKnownFileType = image.png; name = star.png; path = Resources/star.png; sourceTree = "<group>"; };
		FBB453810ECF8F2900A04B1F /* PSEditAppStoreApplicationView.xib */ = {isa = PBXFileReference; lastKnownFileType = file.xib; path = PSEditAppStoreApplicationView.xib; sourceTree = "<group>"; };
		FBB453870ECF93F200A04B1F /* PSEditAppStoreApplicationViewController.h */ = {isa = PBXFileReference; fileEncoding = 4; lastKnownFileType = sourcecode.c.h; path = PSEditAppStoreApplicationViewController.h; sourceTree = "<group>"; };
		FBB453880ECF93F200A04B1F /* PSEditAppStoreApplicationViewController.m */ = {isa = PBXFileReference; fileEncoding = 4; lastKnownFileType = sourcecode.c.objc; path = PSEditAppStoreApplicationViewController.m; sourceTree = "<group>"; };
		FBB4539C0ED0348300A04B1F /* PSRatingView.h */ = {isa = PBXFileReference; fileEncoding = 4; lastKnownFileType = sourcecode.c.h; path = PSRatingView.h; sourceTree = "<group>"; };
		FBB4539D0ED0348300A04B1F /* PSRatingView.m */ = {isa = PBXFileReference; fileEncoding = 4; lastKnownFileType = sourcecode.c.objc; path = PSRatingView.m; sourceTree = "<group>"; };
		FBB4540F0ED084B500A04B1F /* Default.png */ = {isa = PBXFileReference; lastKnownFileType = image.png; path = Default.png; sourceTree = "<group>"; };
		FBB4555C0ED0E6BE00A04B1F /* PSSelectionListViewController.h */ = {isa = PBXFileReference; fileEncoding = 4; lastKnownFileType = sourcecode.c.h; path = PSSelectionListViewController.h; sourceTree = "<group>"; };
		FBB4555D0ED0E6BE00A04B1F /* PSSelectionListViewController.m */ = {isa = PBXFileReference; fileEncoding = 4; lastKnownFileType = sourcecode.c.objc; path = PSSelectionListViewController.m; sourceTree = "<group>"; };
		FBCDDE030F44CEA7003756D4 /* 143441.png */ = {isa = PBXFileReference; lastKnownFileType = image.png; name = 143441.png; path = Resources/143441.png; sourceTree = "<group>"; };
		FBCDDE040F44CEA7003756D4 /* 143442.png */ = {isa = PBXFileReference; lastKnownFileType = image.png; name = 143442.png; path = Resources/143442.png; sourceTree = "<group>"; };
		FBCDDE050F44CEA7003756D4 /* 143443.png */ = {isa = PBXFileReference; lastKnownFileType = image.png; name = 143443.png; path = Resources/143443.png; sourceTree = "<group>"; };
		FBCDDE060F44CEA7003756D4 /* 143444.png */ = {isa = PBXFileReference; lastKnownFileType = image.png; name = 143444.png; path = Resources/143444.png; sourceTree = "<group>"; };
		FBCDDE070F44CEA7003756D4 /* 143445.png */ = {isa = PBXFileReference; lastKnownFileType = image.png; name = 143445.png; path = Resources/143445.png; sourceTree = "<group>"; };
		FBCDDE080F44CEA7003756D4 /* 143446.png */ = {isa = PBXFileReference; lastKnownFileType = image.png; name = 143446.png; path = Resources/143446.png; sourceTree = "<group>"; };
		FBCDDE090F44CEA7003756D4 /* 143447.png */ = {isa = PBXFileReference; lastKnownFileType = image.png; name = 143447.png; path = Resources/143447.png; sourceTree = "<group>"; };
		FBCDDE0A0F44CEA7003756D4 /* 143448.png */ = {isa = PBXFileReference; lastKnownFileType = image.png; name = 143448.png; path = Resources/143448.png; sourceTree = "<group>"; };
		FBCDDE0B0F44CEA7003756D4 /* 143449.png */ = {isa = PBXFileReference; lastKnownFileType = image.png; name = 143449.png; path = Resources/143449.png; sourceTree = "<group>"; };
		FBCDDE0C0F44CEA7003756D4 /* 143450.png */ = {isa = PBXFileReference; lastKnownFileType = image.png; name = 143450.png; path = Resources/143450.png; sourceTree = "<group>"; };
		FBCDDE0D0F44CEA7003756D4 /* 143451.png */ = {isa = PBXFileReference; lastKnownFileType = image.png; name = 143451.png; path = Resources/143451.png; sourceTree = "<group>"; };
		FBCDDE0E0F44CEA7003756D4 /* 143452.png */ = {isa = PBXFileReference; lastKnownFileType = image.png; name = 143452.png; path = Resources/143452.png; sourceTree = "<group>"; };
		FBCDDE0F0F44CEA7003756D4 /* 143453.png */ = {isa = PBXFileReference; lastKnownFileType = image.png; name = 143453.png; path = Resources/143453.png; sourceTree = "<group>"; };
		FBCDDE100F44CEA7003756D4 /* 143454.png */ = {isa = PBXFileReference; lastKnownFileType = image.png; name = 143454.png; path = Resources/143454.png; sourceTree = "<group>"; };
		FBCDDE110F44CEA7003756D4 /* 143455.png */ = {isa = PBXFileReference; lastKnownFileType = image.png; name = 143455.png; path = Resources/143455.png; sourceTree = "<group>"; };
		FBCDDE120F44CEA7003756D4 /* 143456.png */ = {isa = PBXFileReference; lastKnownFileType = image.png; name = 143456.png; path = Resources/143456.png; sourceTree = "<group>"; };
		FBCDDE130F44CEA7003756D4 /* 143457.png */ = {isa = PBXFileReference; lastKnownFileType = image.png; name = 143457.png; path = Resources/143457.png; sourceTree = "<group>"; };
		FBCDDE140F44CEA7003756D4 /* 143458.png */ = {isa = PBXFileReference; lastKnownFileType = image.png; name = 143458.png; path = Resources/143458.png; sourceTree = "<group>"; };
		FBCDDE150F44CEA7003756D4 /* 143459.png */ = {isa = PBXFileReference; lastKnownFileType = image.png; name = 143459.png; path = Resources/143459.png; sourceTree = "<group>"; };
		FBCDDE160F44CEA7003756D4 /* 143460.png */ = {isa = PBXFileReference; lastKnownFileType = image.png; name = 143460.png; path = Resources/143460.png; sourceTree = "<group>"; };
		FBCDDE170F44CEA7003756D4 /* 143461.png */ = {isa = PBXFileReference; lastKnownFileType = image.png; name = 143461.png; path = Resources/143461.png; sourceTree = "<group>"; };
		FBCDDE180F44CEA7003756D4 /* 143462.png */ = {isa = PBXFileReference; lastKnownFileType = image.png; name = 143462.png; path = Resources/143462.png; sourceTree = "<group>"; };
		FBCDDE190F44CEA7003756D4 /* 143463.png */ = {isa = PBXFileReference; lastKnownFileType = image.png; name = 143463.png; path = Resources/143463.png; sourceTree = "<group>"; };
		FBCDDE1A0F44CEA7003756D4 /* 143464.png */ = {isa = PBXFileReference; lastKnownFileType = image.png; name = 143464.png; path = Resources/143464.png; sourceTree = "<group>"; };
		FBCDDE1B0F44CEA7003756D4 /* 143465.png */ = {isa = PBXFileReference; lastKnownFileType = image.png; name = 143465.png; path = Resources/143465.png; sourceTree = "<group>"; };
		FBCDDE1C0F44CEA7003756D4 /* 143466.png */ = {isa = PBXFileReference; lastKnownFileType = image.png; name = 143466.png; path = Resources/143466.png; sourceTree = "<group>"; };
		FBCDDE1D0F44CEA7003756D4 /* 143467.png */ = {isa = PBXFileReference; lastKnownFileType = image.png; name = 143467.png; path = Resources/143467.png; sourceTree = "<group>"; };
		FBCDDE1E0F44CEA7003756D4 /* 143468.png */ = {isa = PBXFileReference; lastKnownFileType = image.png; name = 143468.png; path = Resources/143468.png; sourceTree = "<group>"; };
		FBCDDE1F0F44CEA7003756D4 /* 143469.png */ = {isa = PBXFileReference; lastKnownFileType = image.png; name = 143469.png; path = Resources/143469.png; sourceTree = "<group>"; };
		FBCDDE200F44CEA7003756D4 /* 143470.png */ = {isa = PBXFileReference; lastKnownFileType = image.png; name = 143470.png; path = Resources/143470.png; sourceTree = "<group>"; };
		FBCDDE210F44CEA7003756D4 /* 143471.png */ = {isa = PBXFileReference; lastKnownFileType = image.png; name = 143471.png; path = Resources/143471.png; sourceTree = "<group>"; };
		FBCDDE220F44CEA7003756D4 /* 143472.png */ = {isa = PBXFileReference; lastKnownFileType = image.png; name = 143472.png; path = Resources/143472.png; sourceTree = "<group>"; };
		FBCDDE230F44CEA7003756D4 /* 143473.png */ = {isa = PBXFileReference; lastKnownFileType = image.png; name = 143473.png; path = Resources/143473.png; sourceTree = "<group>"; };
		FBCDDE240F44CEA7003756D4 /* 143474.png */ = {isa = PBXFileReference; lastKnownFileType = image.png; name = 143474.png; path = Resources/143474.png; sourceTree = "<group>"; };
		FBCDDE250F44CEA7003756D4 /* 143475.png */ = {isa = PBXFileReference; lastKnownFileType = image.png; name = 143475.png; path = Resources/143475.png; sourceTree = "<group>"; };
		FBCDDE260F44CEA7003756D4 /* 143476.png */ = {isa = PBXFileReference; lastKnownFileType = image.png; name = 143476.png; path = Resources/143476.png; sourceTree = "<group>"; };
		FBCDDE270F44CEA7003756D4 /* 143477.png */ = {isa = PBXFileReference; lastKnownFileType = image.png; name = 143477.png; path = Resources/143477.png; sourceTree = "<group>"; };
		FBCDDE280F44CEA7003756D4 /* 143478.png */ = {isa = PBXFileReference; lastKnownFileType = image.png; name = 143478.png; path = Resources/143478.png; sourceTree = "<group>"; };
		FBCDDE290F44CEA7003756D4 /* 143479.png */ = {isa = PBXFileReference; lastKnownFileType = image.png; name = 143479.png; path = Resources/143479.png; sourceTree = "<group>"; };
		FBCDDE2A0F44CEA7003756D4 /* 143480.png */ = {isa = PBXFileReference; lastKnownFileType = image.png; name = 143480.png; path = Resources/143480.png; sourceTree = "<group>"; };
		FBCDDE2B0F44CEA7003756D4 /* 143481.png */ = {isa = PBXFileReference; lastKnownFileType = image.png; name = 143481.png; path = Resources/143481.png; sourceTree = "<group>"; };
		FBCDDE2C0F44CEA7003756D4 /* 143482.png */ = {isa = PBXFileReference; lastKnownFileType = image.png; name = 143482.png; path = Resources/143482.png; sourceTree = "<group>"; };
		FBCDDE2D0F44CEA7003756D4 /* 143483.png */ = {isa = PBXFileReference; lastKnownFileType = image.png; name = 143483.png; path = Resources/143483.png; sourceTree = "<group>"; };
		FBCDDE2E0F44CEA7003756D4 /* 143485.png */ = {isa = PBXFileReference; lastKnownFileType = image.png; name = 143485.png; path = Resources/143485.png; sourceTree = "<group>"; };
		FBCDDE2F0F44CEA7003756D4 /* 143486.png */ = {isa = PBXFileReference; lastKnownFileType = image.png; name = 143486.png; path = Resources/143486.png; sourceTree = "<group>"; };
		FBCDDE300F44CEA7003756D4 /* 143487.png */ = {isa = PBXFileReference; lastKnownFileType = image.png; name = 143487.png; path = Resources/143487.png; sourceTree = "<group>"; };
		FBCDDE310F44CEA7003756D4 /* 143489.png */ = {isa = PBXFileReference; lastKnownFileType = image.png; name = 143489.png; path = Resources/143489.png; sourceTree = "<group>"; };
		FBCDDE320F44CEA7003756D4 /* 143491.png */ = {isa = PBXFileReference; lastKnownFileType = image.png; name = 143491.png; path = Resources/143491.png; sourceTree = "<group>"; };
		FBCDDE330F44CEA7003756D4 /* 143493.png */ = {isa = PBXFileReference; lastKnownFileType = image.png; name = 143493.png; path = Resources/143493.png; sourceTree = "<group>"; };
		FBCDDE340F44CEA7003756D4 /* 143494.png */ = {isa = PBXFileReference; lastKnownFileType = image.png; name = 143494.png; path = Resources/143494.png; sourceTree = "<group>"; };
		FBCDDE350F44CEA7003756D4 /* 143495.png */ = {isa = PBXFileReference; lastKnownFileType = image.png; name = 143495.png; path = Resources/143495.png; sourceTree = "<group>"; };
		FBCDDE360F44CEA7003756D4 /* 143496.png */ = {isa = PBXFileReference; lastKnownFileType = image.png; name = 143496.png; path = Resources/143496.png; sourceTree = "<group>"; };
		FBCDDE370F44CEA7003756D4 /* 143497.png */ = {isa = PBXFileReference; lastKnownFileType = image.png; name = 143497.png; path = Resources/143497.png; sourceTree = "<group>"; };
		FBCDDE380F44CEA7003756D4 /* 143498.png */ = {isa = PBXFileReference; lastKnownFileType = image.png; name = 143498.png; path = Resources/143498.png; sourceTree = "<group>"; };
		FBCDDE390F44CEA7003756D4 /* 143499.png */ = {isa = PBXFileReference; lastKnownFileType = image.png; name = 143499.png; path = Resources/143499.png; sourceTree = "<group>"; };
		FBCDDE3A0F44CEA7003756D4 /* 143501.png */ = {isa = PBXFileReference; lastKnownFileType = image.png; name = 143501.png; path = Resources/143501.png; sourceTree = "<group>"; };
		FBCDDE3B0F44CEA7003756D4 /* 143502.png */ = {isa = PBXFileReference; lastKnownFileType = image.png; name = 143502.png; path = Resources/143502.png; sourceTree = "<group>"; };
		FBCDDE3C0F44CEA7003756D4 /* 143503.png */ = {isa = PBXFileReference; lastKnownFileType = image.png; name = 143503.png; path = Resources/143503.png; sourceTree = "<group>"; };
		FBCDDE3D0F44CEA7003756D4 /* 143504.png */ = {isa = PBXFileReference; lastKnownFileType = image.png; name = 143504.png; path = Resources/143504.png; sourceTree = "<group>"; };
		FBCDDE3E0F44CEA7003756D4 /* 143505.png */ = {isa = PBXFileReference; lastKnownFileType = image.png; name = 143505.png; path = Resources/143505.png; sourceTree = "<group>"; };
		FBCDDE3F0F44CEA7003756D4 /* 143506.png */ = {isa = PBXFileReference; lastKnownFileType = image.png; name = 143506.png; path = Resources/143506.png; sourceTree = "<group>"; };
		FBCDDE400F44CEA7003756D4 /* 143507.png */ = {isa = PBXFileReference; lastKnownFileType = image.png; name = 143507.png; path = Resources/143507.png; sourceTree = "<group>"; };
		FBDA31D80F416FD60015A948 /* NSString+PSPathAdditions.h */ = {isa = PBXFileReference; fileEncoding = 4; lastKnownFileType = sourcecode.c.h; path = "NSString+PSPathAdditions.h"; sourceTree = "<group>"; };
		FBDA31D90F416FD60015A948 /* NSString+PSPathAdditions.m */ = {isa = PBXFileReference; fileEncoding = 4; lastKnownFileType = sourcecode.c.objc; path = "NSString+PSPathAdditions.m"; sourceTree = "<group>"; };
		FBDA31DA0F416FD60015A948 /* UIColor+MoreColors.h */ = {isa = PBXFileReference; fileEncoding = 4; lastKnownFileType = sourcecode.c.h; path = "UIColor+MoreColors.h"; sourceTree = "<group>"; };
		FBDA31DB0F416FD60015A948 /* UIColor+MoreColors.m */ = {isa = PBXFileReference; fileEncoding = 4; lastKnownFileType = sourcecode.c.objc; path = "UIColor+MoreColors.m"; sourceTree = "<group>"; };
		FBDC0F3D0EE03FA900442E92 /* About.png */ = {isa = PBXFileReference; lastKnownFileType = image.png; name = About.png; path = Resources/About.png; sourceTree = "<group>"; };
		FBDC0FE10EE09FEF00442E92 /* NSDate+PSNSDateAdditions.h */ = {isa = PBXFileReference; fileEncoding = 4; lastKnownFileType = sourcecode.c.h; path = "NSDate+PSNSDateAdditions.h"; sourceTree = "<group>"; };
		FBDC0FE20EE09FEF00442E92 /* NSDate+PSNSDateAdditions.m */ = {isa = PBXFileReference; fileEncoding = 4; lastKnownFileType = sourcecode.c.objc; path = "NSDate+PSNSDateAdditions.m"; sourceTree = "<group>"; };
/* End PBXFileReference section */

/* Begin PBXFrameworksBuildPhase section */
		1D60588F0D05DD3D006BFB54 /* Frameworks */ = {
			isa = PBXFrameworksBuildPhase;
			buildActionMask = 2147483647;
			files = (
				1D60589F0D05DD5A006BFB54 /* Foundation.framework in Frameworks */,
				1DF5F4E00D08C38300B7A737 /* UIKit.framework in Frameworks */,
				288765FD0DF74451002DB57D /* CoreGraphics.framework in Frameworks */,
				FB445AA90ED2F42400D89246 /* SystemConfiguration.framework in Frameworks */,
			);
			runOnlyForDeploymentPostprocessing = 0;
		};
/* End PBXFrameworksBuildPhase section */

/* Begin PBXGroup section */
		080E96DDFE201D6D7F000001 /* Classes */ = {
			isa = PBXGroup;
			children = (
				FB81A4390EAF79410061B88B /* ThirdParty */,
				FB81A2BA0EAF34A80061B88B /* Common */,
				FB81A2D70EAF3A180061B88B /* Models */,
				FB81A5FB0EB1152A0061B88B /* Views */,
				FBB453860ECF93BA00A04B1F /* Controllers */,
				FBDC0FE10EE09FEF00442E92 /* NSDate+PSNSDateAdditions.h */,
				FBDC0FE20EE09FEF00442E92 /* NSDate+PSNSDateAdditions.m */,
				1D3623240D0F684500981E51 /* AppCriticsAppDelegate.h */,
				1D3623250D0F684500981E51 /* AppCriticsAppDelegate.m */,
			);
			path = Classes;
			sourceTree = "<group>";
		};
		19C28FACFE9D520D11CA2CBB /* Products */ = {
			isa = PBXGroup;
			children = (
				1D6058910D05DD3D006BFB54 /* AppCritics.app */,
			);
			name = Products;
			sourceTree = "<group>";
		};
		29B97314FDCFA39411CA2CEA /* CustomTemplate */ = {
			isa = PBXGroup;
			children = (
				080E96DDFE201D6D7F000001 /* Classes */,
				29B97315FDCFA39411CA2CEA /* Other Sources */,
				29B97317FDCFA39411CA2CEA /* Resources */,
				29B97323FDCFA39411CA2CEA /* Frameworks */,
				19C28FACFE9D520D11CA2CBB /* Products */,
				FBB451C80ECF150400A04B1F /* Settings.bundle */,
			);
			name = CustomTemplate;
			sourceTree = "<group>";
		};
		29B97315FDCFA39411CA2CEA /* Other Sources */ = {
			isa = PBXGroup;
			children = (
				32CA4F630368D1EE00C91783 /* AppCritics_Prefix.pch */,
				29B97316FDCFA39411CA2CEA /* main.m */,
			);
			name = "Other Sources";
			sourceTree = "<group>";
		};
		29B97317FDCFA39411CA2CEA /* Resources */ = {
			isa = PBXGroup;
			children = (
				FBCDDE030F44CEA7003756D4 /* 143441.png */,
				FBCDDE040F44CEA7003756D4 /* 143442.png */,
				FBCDDE050F44CEA7003756D4 /* 143443.png */,
				FBCDDE060F44CEA7003756D4 /* 143444.png */,
				FBCDDE070F44CEA7003756D4 /* 143445.png */,
				FBCDDE080F44CEA7003756D4 /* 143446.png */,
				FBCDDE090F44CEA7003756D4 /* 143447.png */,
				FBCDDE0A0F44CEA7003756D4 /* 143448.png */,
				FBCDDE0B0F44CEA7003756D4 /* 143449.png */,
				FBCDDE0C0F44CEA7003756D4 /* 143450.png */,
				FBCDDE0D0F44CEA7003756D4 /* 143451.png */,
				FBCDDE0E0F44CEA7003756D4 /* 143452.png */,
				FBCDDE0F0F44CEA7003756D4 /* 143453.png */,
				FBCDDE100F44CEA7003756D4 /* 143454.png */,
				FBCDDE110F44CEA7003756D4 /* 143455.png */,
				FBCDDE120F44CEA7003756D4 /* 143456.png */,
				FBCDDE130F44CEA7003756D4 /* 143457.png */,
				FBCDDE140F44CEA7003756D4 /* 143458.png */,
				FBCDDE150F44CEA7003756D4 /* 143459.png */,
				FBCDDE160F44CEA7003756D4 /* 143460.png */,
				FBCDDE170F44CEA7003756D4 /* 143461.png */,
				FBCDDE180F44CEA7003756D4 /* 143462.png */,
				FBCDDE190F44CEA7003756D4 /* 143463.png */,
				FBCDDE1A0F44CEA7003756D4 /* 143464.png */,
				FBCDDE1B0F44CEA7003756D4 /* 143465.png */,
				FBCDDE1C0F44CEA7003756D4 /* 143466.png */,
				FBCDDE1D0F44CEA7003756D4 /* 143467.png */,
				FBCDDE1E0F44CEA7003756D4 /* 143468.png */,
				FBCDDE1F0F44CEA7003756D4 /* 143469.png */,
				FBCDDE200F44CEA7003756D4 /* 143470.png */,
				FBCDDE210F44CEA7003756D4 /* 143471.png */,
				FBCDDE220F44CEA7003756D4 /* 143472.png */,
				FBCDDE230F44CEA7003756D4 /* 143473.png */,
				FBCDDE240F44CEA7003756D4 /* 143474.png */,
				FBCDDE250F44CEA7003756D4 /* 143475.png */,
				FBCDDE260F44CEA7003756D4 /* 143476.png */,
				FBCDDE270F44CEA7003756D4 /* 143477.png */,
				FBCDDE280F44CEA7003756D4 /* 143478.png */,
				FBCDDE290F44CEA7003756D4 /* 143479.png */,
				FBCDDE2A0F44CEA7003756D4 /* 143480.png */,
				FBCDDE2B0F44CEA7003756D4 /* 143481.png */,
				FBCDDE2C0F44CEA7003756D4 /* 143482.png */,
				FBCDDE2D0F44CEA7003756D4 /* 143483.png */,
				FBCDDE2E0F44CEA7003756D4 /* 143485.png */,
				FBCDDE2F0F44CEA7003756D4 /* 143486.png */,
				FBCDDE300F44CEA7003756D4 /* 143487.png */,
				FBCDDE310F44CEA7003756D4 /* 143489.png */,
				FBCDDE320F44CEA7003756D4 /* 143491.png */,
				FBCDDE330F44CEA7003756D4 /* 143493.png */,
				FBCDDE340F44CEA7003756D4 /* 143494.png */,
				FBCDDE350F44CEA7003756D4 /* 143495.png */,
				FBCDDE360F44CEA7003756D4 /* 143496.png */,
				FBCDDE370F44CEA7003756D4 /* 143497.png */,
				FBCDDE380F44CEA7003756D4 /* 143498.png */,
				FBCDDE390F44CEA7003756D4 /* 143499.png */,
				FBCDDE3A0F44CEA7003756D4 /* 143501.png */,
				FBCDDE3B0F44CEA7003756D4 /* 143502.png */,
				FBCDDE3C0F44CEA7003756D4 /* 143503.png */,
				FBCDDE3D0F44CEA7003756D4 /* 143504.png */,
				FBCDDE3E0F44CEA7003756D4 /* 143505.png */,
				FBCDDE3F0F44CEA7003756D4 /* 143506.png */,
				FBCDDE400F44CEA7003756D4 /* 143507.png */,
				FBDC0F3D0EE03FA900442E92 /* About.png */,
				FBB4540F0ED084B500A04B1F /* Default.png */,
				FBB4536C0ECF8DD800A04B1F /* halfstar.png */,
				FBB4536D0ECF8DD800A04B1F /* star.png */,
				FBB44EF50ECCF24700A04B1F /* Icon.png */,
				8D1107310486CEB800E47090 /* Info.plist */,
				FBB453810ECF8F2900A04B1F /* PSEditAppStoreApplicationView.xib */,
			);
			name = Resources;
			sourceTree = "<group>";
		};
		29B97323FDCFA39411CA2CEA /* Frameworks */ = {
			isa = PBXGroup;
			children = (
				FB445AA80ED2F42400D89246 /* SystemConfiguration.framework */,
				1DF5F4DF0D08C38300B7A737 /* UIKit.framework */,
				1D30AB110D05D00D00671497 /* Foundation.framework */,
				288765FC0DF74451002DB57D /* CoreGraphics.framework */,
			);
			name = Frameworks;
			sourceTree = "<group>";
		};
		FB81A2BA0EAF34A80061B88B /* Common */ = {
			isa = PBXGroup;
			children = (
				FB81A2BD0EAF34D50061B88B /* Categories */,
				FB81A2BE0EAF34DE0061B88B /* Protocols */,
				FB81A2BF0EAF34E70061B88B /* Views */,
				FBB4555B0ED0E69700A04B1F /* Controllers */,
				FB81A2CC0EAF35750061B88B /* PSLog.h */,
				FB81A2CD0EAF35750061B88B /* PSProgressBarSheet.h */,
				FB81A2CE0EAF35750061B88B /* PSProgressBarSheet.m */,
			);
			name = Common;
			sourceTree = "<group>";
		};
		FB81A2BD0EAF34D50061B88B /* Categories */ = {
			isa = PBXGroup;
			children = (
				FBDA31D80F416FD60015A948 /* NSString+PSPathAdditions.h */,
				FBDA31D90F416FD60015A948 /* NSString+PSPathAdditions.m */,
				FBDA31DA0F416FD60015A948 /* UIColor+MoreColors.h */,
				FBDA31DB0F416FD60015A948 /* UIColor+MoreColors.m */,
			);
			name = Categories;
			sourceTree = "<group>";
		};
		FB81A2BE0EAF34DE0061B88B /* Protocols */ = {
			isa = PBXGroup;
			children = (
				FB81A2CF0EAF35750061B88B /* PSProgressHandler.h */,
			);
			name = Protocols;
			sourceTree = "<group>";
		};
		FB81A2BF0EAF34E70061B88B /* Views */ = {
			isa = PBXGroup;
			children = (
				FBB44ED40ECCEB6700A04B1F /* PSTitleValueTableCell.h */,
				FBB44ED50ECCEB6700A04B1F /* PSTitleValueTableCell.m */,
				FB81A2C60EAF35750061B88B /* PSCountView.h */,
				FB81A2C70EAF35750061B88B /* PSCountView.m */,
				FB81A2CA0EAF35750061B88B /* PSImageView.h */,
				FB81A2CB0EAF35750061B88B /* PSImageView.m */,
			);
			name = Views;
			sourceTree = "<group>";
		};
		FB81A2D70EAF3A180061B88B /* Models */ = {
			isa = PBXGroup;
			children = (
				FB81A2D40EAF39B10061B88B /* PSAppStore.h */,
				FB81A2D50EAF39B10061B88B /* PSAppStore.m */,
				FB81A2F00EAF3FAA0061B88B /* PSAppStoreApplication.h */,
				FB81A2F10EAF3FAA0061B88B /* PSAppStoreApplication.m */,
				FB81A3760EAF5E6B0061B88B /* PSAppStoreReviews.h */,
				FB81A3770EAF5E6B0061B88B /* PSAppStoreReviews.m */,
				FB81A5A80EB0776F0061B88B /* PSAppStoreReview.h */,
				FB81A5A90EB0776F0061B88B /* PSAppStoreReview.m */,
			);
			name = Models;
			sourceTree = "<group>";
		};
		FB81A4390EAF79410061B88B /* ThirdParty */ = {
			isa = PBXGroup;
			children = (
				FB445A6D0ED2F36000D89246 /* Reachability.h */,
				FB445A6E0ED2F36000D89246 /* Reachability.m */,
				FB81A6920EB12C520061B88B /* GTMRegex.h */,
				FB81A6930EB12C520061B88B /* GTMRegex.m */,
				FB81A6910EB12C400061B88B /* GTMDefines.h */,
			);
			name = ThirdParty;
			sourceTree = "<group>";
		};
		FB81A5FB0EB1152A0061B88B /* Views */ = {
			isa = PBXGroup;
			children = (
				FBB450D40ECE451800A04B1F /* PSAppStoreApplicationTableCell.h */,
				FBB450D50ECE451800A04B1F /* PSAppStoreApplicationTableCell.m */,
				FB81A5AE0EB087A90061B88B /* PSAppStoreTableCell.h */,
				FB81A5AF0EB087A90061B88B /* PSAppStoreTableCell.m */,
				FBB4539C0ED0348300A04B1F /* PSRatingView.h */,
				FBB4539D0ED0348300A04B1F /* PSRatingView.m */,
				FB445BFA0ED609FB00D89246 /* PSAppStoreReviewTableCell.h */,
				FB445BFB0ED609FB00D89246 /* PSAppStoreReviewTableCell.m */,
				FB445D750ED7764E00D89246 /* PSAppStoreReviewsHeaderTableCell.h */,
				FB445D760ED7764E00D89246 /* PSAppStoreReviewsHeaderTableCell.m */,
			);
			name = Views;
			sourceTree = "<group>";
		};
		FBB453860ECF93BA00A04B1F /* Controllers */ = {
			isa = PBXGroup;
			children = (
				FB81A2F70EAF501C0061B88B /* PSAppStoreApplicationsViewController.h */,
				FB81A2F80EAF501C0061B88B /* PSAppStoreApplicationsViewController.m */,
				FB81A33C0EAF55060061B88B /* PSAppStoreCountriesViewController.h */,
				FB81A33D0EAF55060061B88B /* PSAppStoreCountriesViewController.m */,
				FB445BA90ED54D5D00D89246 /* PSAppStoreReviewsViewController.h */,
				FB445BAA0ED54D5D00D89246 /* PSAppStoreReviewsViewController.m */,
				FBB453870ECF93F200A04B1F /* PSEditAppStoreApplicationViewController.h */,
				FBB453880ECF93F200A04B1F /* PSEditAppStoreApplicationViewController.m */,
			);
			name = Controllers;
			sourceTree = "<group>";
		};
		FBB4555B0ED0E69700A04B1F /* Controllers */ = {
			isa = PBXGroup;
			children = (
				FBB44EC60ECCEB1D00A04B1F /* PSAboutViewController.h */,
				FBB44EC70ECCEB1D00A04B1F /* PSAboutViewController.m */,
				FBB4555C0ED0E6BE00A04B1F /* PSSelectionListViewController.h */,
				FBB4555D0ED0E6BE00A04B1F /* PSSelectionListViewController.m */,
			);
			name = Controllers;
			sourceTree = "<group>";
		};
/* End PBXGroup section */

/* Begin PBXNativeTarget section */
		1D6058900D05DD3D006BFB54 /* AppCritics */ = {
			isa = PBXNativeTarget;
			buildConfigurationList = 1D6058960D05DD3E006BFB54 /* Build configuration list for PBXNativeTarget "AppCritics" */;
			buildPhases = (
				1D60588D0D05DD3D006BFB54 /* Resources */,
				1D60588E0D05DD3D006BFB54 /* Sources */,
				1D60588F0D05DD3D006BFB54 /* Frameworks */,
			);
			buildRules = (
			);
			dependencies = (
			);
			name = AppCritics;
			productName = AppCritics;
			productReference = 1D6058910D05DD3D006BFB54 /* AppCritics.app */;
			productType = "com.apple.product-type.application";
		};
/* End PBXNativeTarget section */

/* Begin PBXProject section */
		29B97313FDCFA39411CA2CEA /* Project object */ = {
			isa = PBXProject;
			buildConfigurationList = C01FCF4E08A954540054247B /* Build configuration list for PBXProject "AppCritics" */;
			compatibilityVersion = "Xcode 3.1";
			hasScannedForEncodings = 1;
			mainGroup = 29B97314FDCFA39411CA2CEA /* CustomTemplate */;
			projectDirPath = "";
			projectRoot = "";
			targets = (
				1D6058900D05DD3D006BFB54 /* AppCritics */,
			);
		};
/* End PBXProject section */

/* Begin PBXResourcesBuildPhase section */
		1D60588D0D05DD3D006BFB54 /* Resources */ = {
			isa = PBXResourcesBuildPhase;
			buildActionMask = 2147483647;
			files = (
				FBB44EF60ECCF24700A04B1F /* Icon.png in Resources */,
				FBB451C90ECF150400A04B1F /* Settings.bundle in Resources */,
				FBB4536E0ECF8DD800A04B1F /* halfstar.png in Resources */,
				FBB4536F0ECF8DD800A04B1F /* star.png in Resources */,
				FBB453820ECF8F2900A04B1F /* PSEditAppStoreApplicationView.xib in Resources */,
				FBB454100ED084B500A04B1F /* Default.png in Resources */,
				FBDC0F3E0EE03FA900442E92 /* About.png in Resources */,
				FBCDDE410F44CEA7003756D4 /* 143441.png in Resources */,
				FBCDDE420F44CEA7003756D4 /* 143442.png in Resources */,
				FBCDDE430F44CEA7003756D4 /* 143443.png in Resources */,
				FBCDDE440F44CEA7003756D4 /* 143444.png in Resources */,
				FBCDDE450F44CEA7003756D4 /* 143445.png in Resources */,
				FBCDDE460F44CEA7003756D4 /* 143446.png in Resources */,
				FBCDDE470F44CEA7003756D4 /* 143447.png in Resources */,
				FBCDDE480F44CEA7003756D4 /* 143448.png in Resources */,
				FBCDDE490F44CEA7003756D4 /* 143449.png in Resources */,
				FBCDDE4A0F44CEA7003756D4 /* 143450.png in Resources */,
				FBCDDE4B0F44CEA7003756D4 /* 143451.png in Resources */,
				FBCDDE4C0F44CEA7003756D4 /* 143452.png in Resources */,
				FBCDDE4D0F44CEA7003756D4 /* 143453.png in Resources */,
				FBCDDE4E0F44CEA7003756D4 /* 143454.png in Resources */,
				FBCDDE4F0F44CEA7003756D4 /* 143455.png in Resources */,
				FBCDDE500F44CEA7003756D4 /* 143456.png in Resources */,
				FBCDDE510F44CEA7003756D4 /* 143457.png in Resources */,
				FBCDDE520F44CEA7003756D4 /* 143458.png in Resources */,
				FBCDDE530F44CEA7003756D4 /* 143459.png in Resources */,
				FBCDDE540F44CEA7003756D4 /* 143460.png in Resources */,
				FBCDDE550F44CEA7003756D4 /* 143461.png in Resources */,
				FBCDDE560F44CEA7003756D4 /* 143462.png in Resources */,
				FBCDDE570F44CEA7003756D4 /* 143463.png in Resources */,
				FBCDDE580F44CEA7003756D4 /* 143464.png in Resources */,
				FBCDDE590F44CEA7003756D4 /* 143465.png in Resources */,
				FBCDDE5A0F44CEA7003756D4 /* 143466.png in Resources */,
				FBCDDE5B0F44CEA7003756D4 /* 143467.png in Resources */,
				FBCDDE5C0F44CEA7003756D4 /* 143468.png in Resources */,
				FBCDDE5D0F44CEA7003756D4 /* 143469.png in Resources */,
				FBCDDE5E0F44CEA7003756D4 /* 143470.png in Resources */,
				FBCDDE5F0F44CEA7003756D4 /* 143471.png in Resources */,
				FBCDDE600F44CEA7003756D4 /* 143472.png in Resources */,
				FBCDDE610F44CEA7003756D4 /* 143473.png in Resources */,
				FBCDDE620F44CEA7003756D4 /* 143474.png in Resources */,
				FBCDDE630F44CEA7003756D4 /* 143475.png in Resources */,
				FBCDDE640F44CEA7003756D4 /* 143476.png in Resources */,
				FBCDDE650F44CEA7003756D4 /* 143477.png in Resources */,
				FBCDDE660F44CEA7003756D4 /* 143478.png in Resources */,
				FBCDDE670F44CEA7003756D4 /* 143479.png in Resources */,
				FBCDDE680F44CEA7003756D4 /* 143480.png in Resources */,
				FBCDDE690F44CEA7003756D4 /* 143481.png in Resources */,
				FBCDDE6A0F44CEA7003756D4 /* 143482.png in Resources */,
				FBCDDE6B0F44CEA7003756D4 /* 143483.png in Resources */,
				FBCDDE6C0F44CEA7003756D4 /* 143485.png in Resources */,
				FBCDDE6D0F44CEA7003756D4 /* 143486.png in Resources */,
				FBCDDE6E0F44CEA7003756D4 /* 143487.png in Resources */,
				FBCDDE6F0F44CEA7003756D4 /* 143489.png in Resources */,
				FBCDDE700F44CEA7003756D4 /* 143491.png in Resources */,
				FBCDDE710F44CEA7003756D4 /* 143493.png in Resources */,
				FBCDDE720F44CEA7003756D4 /* 143494.png in Resources */,
				FBCDDE730F44CEA7003756D4 /* 143495.png in Resources */,
				FBCDDE740F44CEA7003756D4 /* 143496.png in Resources */,
				FBCDDE750F44CEA7003756D4 /* 143497.png in Resources */,
				FBCDDE760F44CEA7003756D4 /* 143498.png in Resources */,
				FBCDDE770F44CEA7003756D4 /* 143499.png in Resources */,
				FBCDDE780F44CEA7003756D4 /* 143501.png in Resources */,
				FBCDDE790F44CEA7003756D4 /* 143502.png in Resources */,
				FBCDDE7A0F44CEA7003756D4 /* 143503.png in Resources */,
				FBCDDE7B0F44CEA7003756D4 /* 143504.png in Resources */,
				FBCDDE7C0F44CEA7003756D4 /* 143505.png in Resources */,
				FBCDDE7D0F44CEA7003756D4 /* 143506.png in Resources */,
				FBCDDE7E0F44CEA7003756D4 /* 143507.png in Resources */,
			);
			runOnlyForDeploymentPostprocessing = 0;
		};
/* End PBXResourcesBuildPhase section */

/* Begin PBXSourcesBuildPhase section */
		1D60588E0D05DD3D006BFB54 /* Sources */ = {
			isa = PBXSourcesBuildPhase;
			buildActionMask = 2147483647;
			files = (
				1D60589B0D05DD56006BFB54 /* main.m in Sources */,
				1D3623260D0F684500981E51 /* AppCriticsAppDelegate.m in Sources */,
				FB81A2D00EAF35750061B88B /* PSCountView.m in Sources */,
				FB81A2D20EAF35750061B88B /* PSImageView.m in Sources */,
				FB81A2D30EAF35750061B88B /* PSProgressBarSheet.m in Sources */,
				FB81A2D60EAF39B10061B88B /* PSAppStore.m in Sources */,
				FB81A2F20EAF3FAA0061B88B /* PSAppStoreApplication.m in Sources */,
				FB81A2F90EAF501C0061B88B /* PSAppStoreApplicationsViewController.m in Sources */,
				FB81A33E0EAF55060061B88B /* PSAppStoreCountriesViewController.m in Sources */,
				FB81A3780EAF5E6B0061B88B /* PSAppStoreReviews.m in Sources */,
				FB81A5AA0EB0776F0061B88B /* PSAppStoreReview.m in Sources */,
				FB81A5B00EB087A90061B88B /* PSAppStoreTableCell.m in Sources */,
				FB81A6940EB12C520061B88B /* GTMRegex.m in Sources */,
				FBB44EC80ECCEB1D00A04B1F /* PSAboutViewController.m in Sources */,
				FBB44ED60ECCEB6700A04B1F /* PSTitleValueTableCell.m in Sources */,
				FBB450D60ECE451800A04B1F /* PSAppStoreApplicationTableCell.m in Sources */,
				FBB453890ECF93F200A04B1F /* PSEditAppStoreApplicationViewController.m in Sources */,
				FBB4539E0ED0348300A04B1F /* PSRatingView.m in Sources */,
				FBB4555E0ED0E6BE00A04B1F /* PSSelectionListViewController.m in Sources */,
				FB445A6F0ED2F36000D89246 /* Reachability.m in Sources */,
				FB445BAB0ED54D5D00D89246 /* PSAppStoreReviewsViewController.m in Sources */,
				FB445BFC0ED609FB00D89246 /* PSAppStoreReviewTableCell.m in Sources */,
				FB445D770ED7764E00D89246 /* PSAppStoreReviewsHeaderTableCell.m in Sources */,
				FBDC0FE30EE09FEF00442E92 /* NSDate+PSNSDateAdditions.m in Sources */,
				FBDA31DC0F416FD60015A948 /* NSString+PSPathAdditions.m in Sources */,
				FBDA31DD0F416FD60015A948 /* UIColor+MoreColors.m in Sources */,
			);
			runOnlyForDeploymentPostprocessing = 0;
		};
/* End PBXSourcesBuildPhase section */

/* Begin XCBuildConfiguration section */
		1D6058940D05DD3E006BFB54 /* Debug */ = {
			isa = XCBuildConfiguration;
			buildSettings = {
				ALWAYS_SEARCH_USER_PATHS = NO;
				CODE_SIGN_IDENTITY = "iPhone Developer: Charles Gamble";
				"CODE_SIGN_IDENTITY[sdk=iphoneos*]" = "iPhone Developer: Charles Gamble";
				COPY_PHASE_STRIP = NO;
				GCC_DYNAMIC_NO_PIC = NO;
				GCC_OPTIMIZATION_LEVEL = 0;
				GCC_PRECOMPILE_PREFIX_HEADER = YES;
				GCC_PREFIX_HEADER = AppCritics_Prefix.pch;
				INFOPLIST_FILE = Info.plist;
				PRODUCT_NAME = AppCritics;
				PROVISIONING_PROFILE = "21444E31-6F10-467C-A81F-293A9FC14417";
				"PROVISIONING_PROFILE[sdk=iphoneos*]" = "21444E31-6F10-467C-A81F-293A9FC14417";
			};
			name = Debug;
		};
		1D6058950D05DD3E006BFB54 /* Release */ = {
			isa = XCBuildConfiguration;
			buildSettings = {
				ALWAYS_SEARCH_USER_PATHS = NO;
				CODE_SIGN_IDENTITY = "iPhone Developer: Charles Gamble";
				"CODE_SIGN_IDENTITY[sdk=iphoneos*]" = "iPhone Developer: Charles Gamble";
				COPY_PHASE_STRIP = YES;
				GCC_PRECOMPILE_PREFIX_HEADER = YES;
				GCC_PREFIX_HEADER = AppCritics_Prefix.pch;
				INFOPLIST_FILE = Info.plist;
				PRODUCT_NAME = AppCritics;
				PROVISIONING_PROFILE = "48F5A0CA-63D9-4055-8FEF-F0C7571754BF";
				"PROVISIONING_PROFILE[sdk=iphoneos*]" = "48F5A0CA-63D9-4055-8FEF-F0C7571754BF";
			};
			name = Release;
		};
		C01FCF4F08A954540054247B /* Debug */ = {
			isa = XCBuildConfiguration;
			buildSettings = {
				ARCHS = "$(ARCHS_STANDARD_32_BIT)";
				"CODE_SIGN_IDENTITY[sdk=iphoneos*]" = "iPhone Developer: Charles Gamble";
				GCC_C_LANGUAGE_STANDARD = c99;
				GCC_PREPROCESSOR_DEFINITIONS = DEBUG;
				GCC_WARN_ABOUT_RETURN_TYPE = YES;
				GCC_WARN_UNUSED_VARIABLE = YES;
				ONLY_ACTIVE_ARCH = YES;
				OTHER_LDFLAGS = "-lz";
				PREBINDING = NO;
				"PROVISIONING_PROFILE[sdk=iphoneos*]" = "653547E2-11E5-4782-B533-43C719A66CBA";
				SDKROOT = iphoneos2.1;
			};
			name = Debug;
		};
		C01FCF5008A954540054247B /* Release */ = {
			isa = XCBuildConfiguration;
			buildSettings = {
				ARCHS = "$(ARCHS_STANDARD_32_BIT)";
				"CODE_SIGN_IDENTITY[sdk=iphoneos*]" = "iPhone Developer: Charles Gamble";
				GCC_C_LANGUAGE_STANDARD = c99;
				GCC_WARN_ABOUT_RETURN_TYPE = YES;
				GCC_WARN_UNUSED_VARIABLE = YES;
				OTHER_LDFLAGS = "-lz";
				PREBINDING = NO;
				"PROVISIONING_PROFILE[sdk=iphoneos*]" = "21444E31-6F10-467C-A81F-293A9FC14417";
				SDKROOT = iphoneos2.1;
			};
			name = Release;
		};
		FB81A76C0EB1A6AC0061B88B /* Ad Hoc Distribution */ = {
			isa = XCBuildConfiguration;
			buildSettings = {
				ARCHS = "$(ARCHS_STANDARD_32_BIT)";
				CODE_SIGN_ENTITLEMENTS = dist.plist;
				"CODE_SIGN_IDENTITY[sdk=iphoneos*]" = "iPhone Distribution: Charles Gamble";
				GCC_C_LANGUAGE_STANDARD = c99;
				GCC_WARN_ABOUT_RETURN_TYPE = YES;
				GCC_WARN_UNUSED_VARIABLE = YES;
				OTHER_LDFLAGS = "-lz";
				PREBINDING = NO;
				"PROVISIONING_PROFILE[sdk=iphoneos*]" = "FE9982A7-DAF9-49B4-9702-F75D2397D090";
				SDKROOT = iphoneos2.1;
			};
			name = "Ad Hoc Distribution";
		};
		FB81A76D0EB1A6AC0061B88B /* Ad Hoc Distribution */ = {
			isa = XCBuildConfiguration;
			buildSettings = {
				ALWAYS_SEARCH_USER_PATHS = NO;
				CODE_SIGN_ENTITLEMENTS = Entitlements.plist;
				CODE_SIGN_IDENTITY = "iPhone Distribution: Charles Gamble";
				"CODE_SIGN_IDENTITY[sdk=iphoneos*]" = "iPhone Distribution: Charles Gamble";
				COPY_PHASE_STRIP = YES;
				GCC_PRECOMPILE_PREFIX_HEADER = YES;
				GCC_PREFIX_HEADER = AppCritics_Prefix.pch;
				INFOPLIST_FILE = Info.plist;
				PRODUCT_NAME = AppCritics;
				PROVISIONING_PROFILE = "9C807E1C-0938-426C-A0AC-4ED7AF8F3956";
				"PROVISIONING_PROFILE[sdk=iphoneos*]" = "9C807E1C-0938-426C-A0AC-4ED7AF8F3956";
			};
			name = "Ad Hoc Distribution";
		};
		FBD1F0890EE3BE4200336D60 /* Distribution */ = {
			isa = XCBuildConfiguration;
			buildSettings = {
				ARCHS = "$(ARCHS_STANDARD_32_BIT)";
				CODE_SIGN_IDENTITY = "iPhone Distribution: Charles Gamble";
				"CODE_SIGN_IDENTITY[sdk=iphoneos*]" = "iPhone Distribution: Charles Gamble";
				GCC_C_LANGUAGE_STANDARD = c99;
				GCC_WARN_ABOUT_RETURN_TYPE = YES;
				GCC_WARN_UNUSED_VARIABLE = YES;
				OTHER_LDFLAGS = "-lz";
				PREBINDING = NO;
				PROVISIONING_PROFILE = "77E78568-B4FB-4A72-AF4F-6F564003F6E4";
				"PROVISIONING_PROFILE[sdk=iphoneos*]" = "77E78568-B4FB-4A72-AF4F-6F564003F6E4";
				SDKROOT = iphoneos2.1;
			};
			name = Distribution;
		};
		FBD1F08A0EE3BE4200336D60 /* Distribution */ = {
			isa = XCBuildConfiguration;
			buildSettings = {
				ALWAYS_SEARCH_USER_PATHS = NO;
				CODE_SIGN_IDENTITY = "iPhone Distribution: Charles Gamble";
				"CODE_SIGN_IDENTITY[sdk=iphoneos*]" = "iPhone Distribution: Charles Gamble";
				COPY_PHASE_STRIP = YES;
				GCC_PRECOMPILE_PREFIX_HEADER = YES;
				GCC_PREFIX_HEADER = AppCritics_Prefix.pch;
				INFOPLIST_FILE = Info.plist;
				PRODUCT_NAME = AppCritics;
				PROVISIONING_PROFILE = "B54B46F1-E6E8-46C4-8667-1CD95CB41C80";
				"PROVISIONING_PROFILE[sdk=iphoneos*]" = "B54B46F1-E6E8-46C4-8667-1CD95CB41C80";
			};
			name = Distribution;
		};
/* End XCBuildConfiguration section */

/* Begin XCConfigurationList section */
		1D6058960D05DD3E006BFB54 /* Build configuration list for PBXNativeTarget "AppCritics" */ = {
			isa = XCConfigurationList;
			buildConfigurations = (
				1D6058940D05DD3E006BFB54 /* Debug */,
				1D6058950D05DD3E006BFB54 /* Release */,
				FBD1F08A0EE3BE4200336D60 /* Distribution */,
				FB81A76D0EB1A6AC0061B88B /* Ad Hoc Distribution */,
			);
			defaultConfigurationIsVisible = 0;
			defaultConfigurationName = Release;
		};
		C01FCF4E08A954540054247B /* Build configuration list for PBXProject "AppCritics" */ = {
			isa = XCConfigurationList;
			buildConfigurations = (
				C01FCF4F08A954540054247B /* Debug */,
				C01FCF5008A954540054247B /* Release */,
				FBD1F0890EE3BE4200336D60 /* Distribution */,
				FB81A76C0EB1A6AC0061B88B /* Ad Hoc Distribution */,
			);
			defaultConfigurationIsVisible = 0;
			defaultConfigurationName = Release;
		};
/* End XCConfigurationList section */
	};
	rootObject = 29B97313FDCFA39411CA2CEA /* Project object */;
}
